
Microsoft Visual Studio Solution File, Format Version 12.00
# Visual Studio Version 16
VisualStudioVersion = 16.6.30114.105
MinimumVisualStudioVersion = 10.0.40219.1
Project("{2150E333-8FDC-42A3-9474-1A3956D46DE8}") = "src", "src", "{39D6F8B2-57BC-4783-8442-969E40DCE459}"
EndProject
Project("{FAE04EC0-301F-11D3-BF4B-00C04F79EFBC}") = "SimpleAPI", "src\SimpleAPI\SimpleAPI.csproj", "{6DB0F944-A803-463F-AAE8-DAEFCA6D71A4}"
EndProject
Project("{2150E333-8FDC-42A3-9474-1A3956D46DE8}") = "test", "test", "{1DF89D80-CF5F-4C4A-84D9-B4C2B8EE174F}"
EndProject
Project("{FAE04EC0-301F-11D3-BF4B-00C04F79EFBC}") = "SimpleAPI.Test", "test\SimpleAPI.Test\SimpleAPI.Test.csproj", "{0AA92882-A15A-49BD-B220-DD988AE4E463}"
EndProject
Global
	GlobalSection(SolutionConfigurationPlatforms) = preSolution
		Debug|Any CPU = Debug|Any CPU
		Debug|x64 = Debug|x64
		Debug|x86 = Debug|x86
		Release|Any CPU = Release|Any CPU
		Release|x64 = Release|x64
		Release|x86 = Release|x86
	EndGlobalSection
	GlobalSection(SolutionProperties) = preSolution
		HideSolutionNode = FALSE
	EndGlobalSection
	GlobalSection(ProjectConfigurationPlatforms) = postSolution
		{6DB0F944-A803-463F-AAE8-DAEFCA6D71A4}.Debug|Any CPU.ActiveCfg = Debug|Any CPU
		{6DB0F944-A803-463F-AAE8-DAEFCA6D71A4}.Debug|Any CPU.Build.0 = Debug|Any CPU
		{6DB0F944-A803-463F-AAE8-DAEFCA6D71A4}.Debug|x64.ActiveCfg = Debug|Any CPU
		{6DB0F944-A803-463F-AAE8-DAEFCA6D71A4}.Debug|x64.Build.0 = Debug|Any CPU
		{6DB0F944-A803-463F-AAE8-DAEFCA6D71A4}.Debug|x86.ActiveCfg = Debug|Any CPU
		{6DB0F944-A803-463F-AAE8-DAEFCA6D71A4}.Debug|x86.Build.0 = Debug|Any CPU
		{6DB0F944-A803-463F-AAE8-DAEFCA6D71A4}.Release|Any CPU.ActiveCfg = Release|Any CPU
		{6DB0F944-A803-463F-AAE8-DAEFCA6D71A4}.Release|Any CPU.Build.0 = Release|Any CPU
		{6DB0F944-A803-463F-AAE8-DAEFCA6D71A4}.Release|x64.ActiveCfg = Release|Any CPU
		{6DB0F944-A803-463F-AAE8-DAEFCA6D71A4}.Release|x64.Build.0 = Release|Any CPU
		{6DB0F944-A803-463F-AAE8-DAEFCA6D71A4}.Release|x86.ActiveCfg = Release|Any CPU
		{6DB0F944-A803-463F-AAE8-DAEFCA6D71A4}.Release|x86.Build.0 = Release|Any CPU
		{0AA92882-A15A-49BD-B220-DD988AE4E463}.Debug|Any CPU.ActiveCfg = Debug|Any CPU
		{0AA92882-A15A-49BD-B220-DD988AE4E463}.Debug|Any CPU.Build.0 = Debug|Any CPU
		{0AA92882-A15A-49BD-B220-DD988AE4E463}.Debug|x64.ActiveCfg = Debug|Any CPU
		{0AA92882-A15A-49BD-B220-DD988AE4E463}.Debug|x64.Build.0 = Debug|Any CPU
		{0AA92882-A15A-49BD-B220-DD988AE4E463}.Debug|x86.ActiveCfg = Debug|Any CPU
		{0AA92882-A15A-49BD-B220-DD988AE4E463}.Debug|x86.Build.0 = Debug|Any CPU
		{0AA92882-A15A-49BD-B220-DD988AE4E463}.Release|Any CPU.ActiveCfg = Release|Any CPU
		{0AA92882-A15A-49BD-B220-DD988AE4E463}.Release|Any CPU.Build.0 = Release|Any CPU
		{0AA92882-A15A-49BD-B220-DD988AE4E463}.Release|x64.ActiveCfg = Release|Any CPU
		{0AA92882-A15A-49BD-B220-DD988AE4E463}.Release|x64.Build.0 = Release|Any CPU
		{0AA92882-A15A-49BD-B220-DD988AE4E463}.Release|x86.ActiveCfg = Release|Any CPU
		{0AA92882-A15A-49BD-B220-DD988AE4E463}.Release|x86.Build.0 = Release|Any CPU
	EndGlobalSection
	GlobalSection(NestedProjects) = preSolution
		{6DB0F944-A803-463F-AAE8-DAEFCA6D71A4} = {39D6F8B2-57BC-4783-8442-969E40DCE459}
		{0AA92882-A15A-49BD-B220-DD988AE4E463} = {1DF89D80-CF5F-4C4A-84D9-B4C2B8EE174F}
	EndGlobalSection
EndGlobal
